
Microsoft Visual Studio Solution File, Format Version 12.00
# Visual Studio 15
VisualStudioVersion = 15.0.28307.645
MinimumVisualStudioVersion = 10.0.40219.1
Project("{FAE04EC0-301F-11D3-BF4B-00C04F79EFBC}") = "App2.Android", "App2\App2.Android\App2.Android.csproj", "{4CC85F9F-6A10-4D0C-9FA1-C71BD9F71FC1}"
EndProject
Project("{FAE04EC0-301F-11D3-BF4B-00C04F79EFBC}") = "App2.iOS", "App2\App2.iOS\App2.iOS.csproj", "{DD1BF866-D1D2-4F35-AB76-375D94E3C20B}"
EndProject
Project("{FAE04EC0-301F-11D3-BF4B-00C04F79EFBC}") = "App2", "App2\App2\App2.csproj", "{49E1DD3B-CB09-4A1C-9CEA-E483E025F9C5}"
EndProject
Global
	GlobalSection(SolutionConfigurationPlatforms) = preSolution
		Ad-Hoc|Any CPU = Ad-Hoc|Any CPU
		Ad-Hoc|iPhone = Ad-Hoc|iPhone
		Ad-Hoc|iPhoneSimulator = Ad-Hoc|iPhoneSimulator
		AppStore|Any CPU = AppStore|Any CPU
		AppStore|iPhone = AppStore|iPhone
		AppStore|iPhoneSimulator = AppStore|iPhoneSimulator
		Debug|Any CPU = Debug|Any CPU
		Debug|iPhone = Debug|iPhone
		Debug|iPhoneSimulator = Debug|iPhoneSimulator
		Release|Any CPU = Release|Any CPU
		Release|iPhone = Release|iPhone
		Release|iPhoneSimulator = Release|iPhoneSimulator
	EndGlobalSection
	GlobalSection(ProjectConfigurationPlatforms) = postSolution
		{4CC85F9F-6A10-4D0C-9FA1-C71BD9F71FC1}.Ad-Hoc|Any CPU.ActiveCfg = Release|Any CPU
		{4CC85F9F-6A10-4D0C-9FA1-C71BD9F71FC1}.Ad-Hoc|Any CPU.Build.0 = Release|Any CPU
		{4CC85F9F-6A10-4D0C-9FA1-C71BD9F71FC1}.Ad-Hoc|Any CPU.Deploy.0 = Release|Any CPU
		{4CC85F9F-6A10-4D0C-9FA1-C71BD9F71FC1}.Ad-Hoc|iPhone.ActiveCfg = Release|Any CPU
		{4CC85F9F-6A10-4D0C-9FA1-C71BD9F71FC1}.Ad-Hoc|iPhone.Build.0 = Release|Any CPU
		{4CC85F9F-6A10-4D0C-9FA1-C71BD9F71FC1}.Ad-Hoc|iPhone.Deploy.0 = Release|Any CPU
		{4CC85F9F-6A10-4D0C-9FA1-C71BD9F71FC1}.Ad-Hoc|iPhoneSimulator.ActiveCfg = Release|Any CPU
		{4CC85F9F-6A10-4D0C-9FA1-C71BD9F71FC1}.Ad-Hoc|iPhoneSimulator.Build.0 = Release|Any CPU
		{4CC85F9F-6A10-4D0C-9FA1-C71BD9F71FC1}.Ad-Hoc|iPhoneSimulator.Deploy.0 = Release|Any CPU
		{4CC85F9F-6A10-4D0C-9FA1-C71BD9F71FC1}.AppStore|Any CPU.ActiveCfg = Release|Any CPU
		{4CC85F9F-6A10-4D0C-9FA1-C71BD9F71FC1}.AppStore|Any CPU.Build.0 = Release|Any CPU
		{4CC85F9F-6A10-4D0C-9FA1-C71BD9F71FC1}.AppStore|Any CPU.Deploy.0 = Release|Any CPU
		{4CC85F9F-6A10-4D0C-9FA1-C71BD9F71FC1}.AppStore|iPhone.ActiveCfg = Release|Any CPU
		{4CC85F9F-6A10-4D0C-9FA1-C71BD9F71FC1}.AppStore|iPhone.Build.0 = Release|Any CPU
		{4CC85F9F-6A10-4D0C-9FA1-C71BD9F71FC1}.AppStore|iPhone.Deploy.0 = Release|Any CPU
		{4CC85F9F-6A10-4D0C-9FA1-C71BD9F71FC1}.AppStore|iPhoneSimulator.ActiveCfg = Release|Any CPU
		{4CC85F9F-6A10-4D0C-9FA1-C71BD9F71FC1}.AppStore|iPhoneSimulator.Build.0 = Release|Any CPU
		{4CC85F9F-6A10-4D0C-9FA1-C71BD9F71FC1}.AppStore|iPhoneSimulator.Deploy.0 = Release|Any CPU
		{4CC85F9F-6A10-4D0C-9FA1-C71BD9F71FC1}.Debug|Any CPU.ActiveCfg = Debug|Any CPU
		{4CC85F9F-6A10-4D0C-9FA1-C71BD9F71FC1}.Debug|Any CPU.Build.0 = Debug|Any CPU
		{4CC85F9F-6A10-4D0C-9FA1-C71BD9F71FC1}.Debug|Any CPU.Deploy.0 = Debug|Any CPU
		{4CC85F9F-6A10-4D0C-9FA1-C71BD9F71FC1}.Debug|iPhone.ActiveCfg = Debug|Any CPU
		{4CC85F9F-6A10-4D0C-9FA1-C71BD9F71FC1}.Debug|iPhone.Build.0 = Debug|Any CPU
		{4CC85F9F-6A10-4D0C-9FA1-C71BD9F71FC1}.Debug|iPhone.Deploy.0 = Debug|Any CPU
		{4CC85F9F-6A10-4D0C-9FA1-C71BD9F71FC1}.Debug|iPhoneSimulator.ActiveCfg = Debug|Any CPU
		{4CC85F9F-6A10-4D0C-9FA1-C71BD9F71FC1}.Debug|iPhoneSimulator.Build.0 = Debug|Any CPU
		{4CC85F9F-6A10-4D0C-9FA1-C71BD9F71FC1}.Debug|iPhoneSimulator.Deploy.0 = Debug|Any CPU
		{4CC85F9F-6A10-4D0C-9FA1-C71BD9F71FC1}.Release|Any CPU.ActiveCfg = Release|Any CPU
		{4CC85F9F-6A10-4D0C-9FA1-C71BD9F71FC1}.Release|Any CPU.Build.0 = Release|Any CPU
		{4CC85F9F-6A10-4D0C-9FA1-C71BD9F71FC1}.Release|Any CPU.Deploy.0 = Release|Any CPU
		{4CC85F9F-6A10-4D0C-9FA1-C71BD9F71FC1}.Release|iPhone.ActiveCfg = Release|Any CPU
		{4CC85F9F-6A10-4D0C-9FA1-C71BD9F71FC1}.Release|iPhone.Build.0 = Release|Any CPU
		{4CC85F9F-6A10-4D0C-9FA1-C71BD9F71FC1}.Release|iPhone.Deploy.0 = Release|Any CPU
		{4CC85F9F-6A10-4D0C-9FA1-C71BD9F71FC1}.Release|iPhoneSimulator.ActiveCfg = Release|Any CPU
		{4CC85F9F-6A10-4D0C-9FA1-C71BD9F71FC1}.Release|iPhoneSimulator.Build.0 = Release|Any CPU
		{4CC85F9F-6A10-4D0C-9FA1-C71BD9F71FC1}.Release|iPhoneSimulator.Deploy.0 = Release|Any CPU
		{DD1BF866-D1D2-4F35-AB76-375D94E3C20B}.Ad-Hoc|Any CPU.ActiveCfg = Ad-Hoc|iPhone
		{DD1BF866-D1D2-4F35-AB76-375D94E3C20B}.Ad-Hoc|Any CPU.Build.0 = Ad-Hoc|iPhone
		{DD1BF866-D1D2-4F35-AB76-375D94E3C20B}.Ad-Hoc|Any CPU.Deploy.0 = Ad-Hoc|iPhone
		{DD1BF866-D1D2-4F35-AB76-375D94E3C20B}.Ad-Hoc|iPhone.ActiveCfg = Ad-Hoc|iPhone
		{DD1BF866-D1D2-4F35-AB76-375D94E3C20B}.Ad-Hoc|iPhone.Build.0 = Ad-Hoc|iPhone
		{DD1BF866-D1D2-4F35-AB76-375D94E3C20B}.Ad-Hoc|iPhone.Deploy.0 = Ad-Hoc|iPhone
		{DD1BF866-D1D2-4F35-AB76-375D94E3C20B}.Ad-Hoc|iPhoneSimulator.ActiveCfg = Ad-Hoc|iPhoneSimulator
		{DD1BF866-D1D2-4F35-AB76-375D94E3C20B}.Ad-Hoc|iPhoneSimulator.Build.0 = Ad-Hoc|iPhoneSimulator
		{DD1BF866-D1D2-4F35-AB76-375D94E3C20B}.Ad-Hoc|iPhoneSimulator.Deploy.0 = Ad-Hoc|iPhoneSimulator
		{DD1BF866-D1D2-4F35-AB76-375D94E3C20B}.AppStore|Any CPU.ActiveCfg = AppStore|iPhone
		{DD1BF866-D1D2-4F35-AB76-375D94E3C20B}.AppStore|Any CPU.Build.0 = AppStore|iPhone
		{DD1BF866-D1D2-4F35-AB76-375D94E3C20B}.AppStore|Any CPU.Deploy.0 = AppStore|iPhone
		{DD1BF866-D1D2-4F35-AB76-375D94E3C20B}.AppStore|iPhone.ActiveCfg = AppStore|iPhone
		{DD1BF866-D1D2-4F35-AB76-375D94E3C20B}.AppStore|iPhone.Build.0 = AppStore|iPhone
		{DD1BF866-D1D2-4F35-AB76-375D94E3C20B}.AppStore|iPhone.Deploy.0 = AppStore|iPhone
		{DD1BF866-D1D2-4F35-AB76-375D94E3C20B}.AppStore|iPhoneSimulator.ActiveCfg = AppStore|iPhoneSimulator
		{DD1BF866-D1D2-4F35-AB76-375D94E3C20B}.AppStore|iPhoneSimulator.Build.0 = AppStore|iPhoneSimulator
		{DD1BF866-D1D2-4F35-AB76-375D94E3C20B}.AppStore|iPhoneSimulator.Deploy.0 = AppStore|iPhoneSimulator
		{DD1BF866-D1D2-4F35-AB76-375D94E3C20B}.Debug|Any CPU.ActiveCfg = Debug|iPhoneSimulator
		{DD1BF866-D1D2-4F35-AB76-375D94E3C20B}.Debug|Any CPU.Build.0 = Debug|iPhoneSimulator
		{DD1BF866-D1D2-4F35-AB76-375D94E3C20B}.Debug|Any CPU.Deploy.0 = Debug|iPhoneSimulator
		{DD1BF866-D1D2-4F35-AB76-375D94E3C20B}.Debug|iPhone.ActiveCfg = Debug|iPhone
		{DD1BF866-D1D2-4F35-AB76-375D94E3C20B}.Debug|iPhone.Build.0 = Debug|iPhone
		{DD1BF866-D1D2-4F35-AB76-375D94E3C20B}.Debug|iPhone.Deploy.0 = Debug|iPhone
		{DD1BF866-D1D2-4F35-AB76-375D94E3C20B}.Debug|iPhoneSimulator.ActiveCfg = Debug|iPhoneSimulator
		{DD1BF866-D1D2-4F35-AB76-375D94E3C20B}.Debug|iPhoneSimulator.Build.0 = Debug|iPhoneSimulator
		{DD1BF866-D1D2-4F35-AB76-375D94E3C20B}.Debug|iPhoneSimulator.Deploy.0 = Debug|iPhoneSimulator
		{DD1BF866-D1D2-4F35-AB76-375D94E3C20B}.Release|Any CPU.ActiveCfg = Release|iPhone
		{DD1BF866-D1D2-4F35-AB76-375D94E3C20B}.Release|Any CPU.Build.0 = Release|iPhone
		{DD1BF866-D1D2-4F35-AB76-375D94E3C20B}.Release|Any CPU.Deploy.0 = Release|iPhone
		{DD1BF866-D1D2-4F35-AB76-375D94E3C20B}.Release|iPhone.ActiveCfg = Release|iPhone
		{DD1BF866-D1D2-4F35-AB76-375D94E3C20B}.Release|iPhone.Build.0 = Release|iPhone
		{DD1BF866-D1D2-4F35-AB76-375D94E3C20B}.Release|iPhone.Deploy.0 = Release|iPhone
		{DD1BF866-D1D2-4F35-AB76-375D94E3C20B}.Release|iPhoneSimulator.ActiveCfg = Release|iPhoneSimulator
		{DD1BF866-D1D2-4F35-AB76-375D94E3C20B}.Release|iPhoneSimulator.Build.0 = Release|iPhoneSimulator
		{DD1BF866-D1D2-4F35-AB76-375D94E3C20B}.Release|iPhoneSimulator.Deploy.0 = Release|iPhoneSimulator
		{49E1DD3B-CB09-4A1C-9CEA-E483E025F9C5}.Ad-Hoc|Any CPU.ActiveCfg = Debug|Any CPU
		{49E1DD3B-CB09-4A1C-9CEA-E483E025F9C5}.Ad-Hoc|Any CPU.Build.0 = Debug|Any CPU
		{49E1DD3B-CB09-4A1C-9CEA-E483E025F9C5}.Ad-Hoc|Any CPU.Deploy.0 = Debug|Any CPU
		{49E1DD3B-CB09-4A1C-9CEA-E483E025F9C5}.Ad-Hoc|iPhone.ActiveCfg = Debug|Any CPU
		{49E1DD3B-CB09-4A1C-9CEA-E483E025F9C5}.Ad-Hoc|iPhone.Build.0 = Debug|Any CPU
		{49E1DD3B-CB09-4A1C-9CEA-E483E025F9C5}.Ad-Hoc|iPhone.Deploy.0 = Debug|Any CPU
		{49E1DD3B-CB09-4A1C-9CEA-E483E025F9C5}.Ad-Hoc|iPhoneSimulator.ActiveCfg = Debug|Any CPU
		{49E1DD3B-CB09-4A1C-9CEA-E483E025F9C5}.Ad-Hoc|iPhoneSimulator.Build.0 = Debug|Any CPU
		{49E1DD3B-CB09-4A1C-9CEA-E483E025F9C5}.Ad-Hoc|iPhoneSimulator.Deploy.0 = Debug|Any CPU
		{49E1DD3B-CB09-4A1C-9CEA-E483E025F9C5}.AppStore|Any CPU.ActiveCfg = Debug|Any CPU
		{49E1DD3B-CB09-4A1C-9CEA-E483E025F9C5}.AppStore|Any CPU.Build.0 = Debug|Any CPU
		{49E1DD3B-CB09-4A1C-9CEA-E483E025F9C5}.AppStore|Any CPU.Deploy.0 = Debug|Any CPU
		{49E1DD3B-CB09-4A1C-9CEA-E483E025F9C5}.AppStore|iPhone.ActiveCfg = Debug|Any CPU
		{49E1DD3B-CB09-4A1C-9CEA-E483E025F9C5}.AppStore|iPhone.Build.0 = Debug|Any CPU
		{49E1DD3B-CB09-4A1C-9CEA-E483E025F9C5}.AppStore|iPhone.Deploy.0 = Debug|Any CPU
		{49E1DD3B-CB09-4A1C-9CEA-E483E025F9C5}.AppStore|iPhoneSimulator.ActiveCfg = Debug|Any CPU
		{49E1DD3B-CB09-4A1C-9CEA-E483E025F9C5}.AppStore|iPhoneSimulator.Build.0 = Debug|Any CPU
		{49E1DD3B-CB09-4A1C-9CEA-E483E025F9C5}.AppStore|iPhoneSimulator.Deploy.0 = Debug|Any CPU
		{49E1DD3B-CB09-4A1C-9CEA-E483E025F9C5}.Debug|Any CPU.ActiveCfg = Debug|Any CPU
		{49E1DD3B-CB09-4A1C-9CEA-E483E025F9C5}.Debug|Any CPU.Build.0 = Debug|Any CPU
		{49E1DD3B-CB09-4A1C-9CEA-E483E025F9C5}.Debug|Any CPU.Deploy.0 = Debug|Any CPU
		{49E1DD3B-CB09-4A1C-9CEA-E483E025F9C5}.Debug|iPhone.ActiveCfg = Debug|Any CPU
		{49E1DD3B-CB09-4A1C-9CEA-E483E025F9C5}.Debug|iPhone.Build.0 = Debug|Any CPU
		{49E1DD3B-CB09-4A1C-9CEA-E483E025F9C5}.Debug|iPhone.Deploy.0 = Debug|Any CPU
		{49E1DD3B-CB09-4A1C-9CEA-E483E025F9C5}.Debug|iPhoneSimulator.ActiveCfg = Debug|Any CPU
		{49E1DD3B-CB09-4A1C-9CEA-E483E025F9C5}.Debug|iPhoneSimulator.Build.0 = Debug|Any CPU
		{49E1DD3B-CB09-4A1C-9CEA-E483E025F9C5}.Debug|iPhoneSimulator.Deploy.0 = Debug|Any CPU
		{49E1DD3B-CB09-4A1C-9CEA-E483E025F9C5}.Release|Any CPU.ActiveCfg = Release|Any CPU
		{49E1DD3B-CB09-4A1C-9CEA-E483E025F9C5}.Release|Any CPU.Build.0 = Release|Any CPU
		{49E1DD3B-CB09-4A1C-9CEA-E483E025F9C5}.Release|Any CPU.Deploy.0 = Release|Any CPU
		{49E1DD3B-CB09-4A1C-9CEA-E483E025F9C5}.Release|iPhone.ActiveCfg = Release|Any CPU
		{49E1DD3B-CB09-4A1C-9CEA-E483E025F9C5}.Release|iPhone.Build.0 = Release|Any CPU
		{49E1DD3B-CB09-4A1C-9CEA-E483E025F9C5}.Release|iPhone.Deploy.0 = Release|Any CPU
		{49E1DD3B-CB09-4A1C-9CEA-E483E025F9C5}.Release|iPhoneSimulator.ActiveCfg = Release|Any CPU
		{49E1DD3B-CB09-4A1C-9CEA-E483E025F9C5}.Release|iPhoneSimulator.Build.0 = Release|Any CPU
		{49E1DD3B-CB09-4A1C-9CEA-E483E025F9C5}.Release|iPhoneSimulator.Deploy.0 = Release|Any CPU
	EndGlobalSection
	GlobalSection(SolutionProperties) = preSolution
		HideSolutionNode = FALSE
	EndGlobalSection
	GlobalSection(ExtensibilityGlobals) = postSolution
		SolutionGuid = {EE717CFD-C917-4ECA-A24E-E50A26658838}
	EndGlobalSection
EndGlobal
